
Microsoft Visual Studio Solution File, Format Version 12.00
# Visual Studio Version 16
VisualStudioVersion = 16.0.30011.22
MinimumVisualStudioVersion = 10.0.40219.1
Project("{FAE04EC0-301F-11D3-BF4B-00C04F79EFBC}") = "SurveyAnswererApp.UWP", "SurveyAnswererApp\SurveyAnswererApp.UWP\SurveyAnswererApp.UWP.csproj", "{19D47011-AB0F-4665-A1C9-AF9E52BE1B6C}"
EndProject
Project("{FAE04EC0-301F-11D3-BF4B-00C04F79EFBC}") = "SurveyAnswererApp.Android", "SurveyAnswererApp\SurveyAnswererApp.Android\SurveyAnswererApp.Android.csproj", "{258F4788-3138-4173-BC12-5A7DA2EF25E9}"
EndProject
Project("{FAE04EC0-301F-11D3-BF4B-00C04F79EFBC}") = "SurveyAnswererApp.iOS", "SurveyAnswererApp\SurveyAnswererApp.iOS\SurveyAnswererApp.iOS.csproj", "{D133EB72-D80F-481D-9412-1D324159E779}"
EndProject
Project("{FAE04EC0-301F-11D3-BF4B-00C04F79EFBC}") = "SurveyAnswererApp", "SurveyAnswererApp\SurveyAnswererApp\SurveyAnswererApp.csproj", "{26C2F0A3-EB63-4DCD-9D80-36AEC8934E2C}"
EndProject
Project("{FAE04EC0-301F-11D3-BF4B-00C04F79EFBC}") = "SurveyAnswererApp.Test", "SurveyAnswererApp.Test\SurveyAnswererApp.Test.csproj", "{F1D0760E-1186-4516-A43B-0A9085D2DF9A}"
EndProject
Global
	GlobalSection(SolutionConfigurationPlatforms) = preSolution
		Debug|Any CPU = Debug|Any CPU
		Debug|ARM = Debug|ARM
		Debug|iPhone = Debug|iPhone
		Debug|iPhoneSimulator = Debug|iPhoneSimulator
		Debug|x64 = Debug|x64
		Debug|x86 = Debug|x86
		Release|Any CPU = Release|Any CPU
		Release|ARM = Release|ARM
		Release|iPhone = Release|iPhone
		Release|iPhoneSimulator = Release|iPhoneSimulator
		Release|x64 = Release|x64
		Release|x86 = Release|x86
	EndGlobalSection
	GlobalSection(ProjectConfigurationPlatforms) = postSolution
		{19D47011-AB0F-4665-A1C9-AF9E52BE1B6C}.Debug|Any CPU.ActiveCfg = Debug|x86
		{19D47011-AB0F-4665-A1C9-AF9E52BE1B6C}.Debug|Any CPU.Build.0 = Debug|x86
		{19D47011-AB0F-4665-A1C9-AF9E52BE1B6C}.Debug|Any CPU.Deploy.0 = Debug|x86
		{19D47011-AB0F-4665-A1C9-AF9E52BE1B6C}.Debug|ARM.ActiveCfg = Debug|ARM
		{19D47011-AB0F-4665-A1C9-AF9E52BE1B6C}.Debug|ARM.Build.0 = Debug|ARM
		{19D47011-AB0F-4665-A1C9-AF9E52BE1B6C}.Debug|ARM.Deploy.0 = Debug|ARM
		{19D47011-AB0F-4665-A1C9-AF9E52BE1B6C}.Debug|iPhone.ActiveCfg = Debug|x86
		{19D47011-AB0F-4665-A1C9-AF9E52BE1B6C}.Debug|iPhone.Build.0 = Debug|x86
		{19D47011-AB0F-4665-A1C9-AF9E52BE1B6C}.Debug|iPhone.Deploy.0 = Debug|x86
		{19D47011-AB0F-4665-A1C9-AF9E52BE1B6C}.Debug|iPhoneSimulator.ActiveCfg = Debug|x86
		{19D47011-AB0F-4665-A1C9-AF9E52BE1B6C}.Debug|iPhoneSimulator.Build.0 = Debug|x86
		{19D47011-AB0F-4665-A1C9-AF9E52BE1B6C}.Debug|iPhoneSimulator.Deploy.0 = Debug|x86
		{19D47011-AB0F-4665-A1C9-AF9E52BE1B6C}.Debug|x64.ActiveCfg = Debug|x64
		{19D47011-AB0F-4665-A1C9-AF9E52BE1B6C}.Debug|x64.Build.0 = Debug|x64
		{19D47011-AB0F-4665-A1C9-AF9E52BE1B6C}.Debug|x64.Deploy.0 = Debug|x64
		{19D47011-AB0F-4665-A1C9-AF9E52BE1B6C}.Debug|x86.ActiveCfg = Debug|x86
		{19D47011-AB0F-4665-A1C9-AF9E52BE1B6C}.Debug|x86.Build.0 = Debug|x86
		{19D47011-AB0F-4665-A1C9-AF9E52BE1B6C}.Debug|x86.Deploy.0 = Debug|x86
		{19D47011-AB0F-4665-A1C9-AF9E52BE1B6C}.Release|Any CPU.ActiveCfg = Release|x86
		{19D47011-AB0F-4665-A1C9-AF9E52BE1B6C}.Release|Any CPU.Build.0 = Release|x86
		{19D47011-AB0F-4665-A1C9-AF9E52BE1B6C}.Release|Any CPU.Deploy.0 = Release|x86
		{19D47011-AB0F-4665-A1C9-AF9E52BE1B6C}.Release|ARM.ActiveCfg = Release|ARM
		{19D47011-AB0F-4665-A1C9-AF9E52BE1B6C}.Release|ARM.Build.0 = Release|ARM
		{19D47011-AB0F-4665-A1C9-AF9E52BE1B6C}.Release|ARM.Deploy.0 = Release|ARM
		{19D47011-AB0F-4665-A1C9-AF9E52BE1B6C}.Release|iPhone.ActiveCfg = Release|x86
		{19D47011-AB0F-4665-A1C9-AF9E52BE1B6C}.Release|iPhone.Build.0 = Release|x86
		{19D47011-AB0F-4665-A1C9-AF9E52BE1B6C}.Release|iPhone.Deploy.0 = Release|x86
		{19D47011-AB0F-4665-A1C9-AF9E52BE1B6C}.Release|iPhoneSimulator.ActiveCfg = Release|x86
		{19D47011-AB0F-4665-A1C9-AF9E52BE1B6C}.Release|iPhoneSimulator.Build.0 = Release|x86
		{19D47011-AB0F-4665-A1C9-AF9E52BE1B6C}.Release|iPhoneSimulator.Deploy.0 = Release|x86
		{19D47011-AB0F-4665-A1C9-AF9E52BE1B6C}.Release|x64.ActiveCfg = Release|x64
		{19D47011-AB0F-4665-A1C9-AF9E52BE1B6C}.Release|x64.Build.0 = Release|x64
		{19D47011-AB0F-4665-A1C9-AF9E52BE1B6C}.Release|x64.Deploy.0 = Release|x64
		{19D47011-AB0F-4665-A1C9-AF9E52BE1B6C}.Release|x86.ActiveCfg = Release|x86
		{19D47011-AB0F-4665-A1C9-AF9E52BE1B6C}.Release|x86.Build.0 = Release|x86
		{19D47011-AB0F-4665-A1C9-AF9E52BE1B6C}.Release|x86.Deploy.0 = Release|x86
		{258F4788-3138-4173-BC12-5A7DA2EF25E9}.Debug|Any CPU.ActiveCfg = Debug|Any CPU
		{258F4788-3138-4173-BC12-5A7DA2EF25E9}.Debug|Any CPU.Build.0 = Debug|Any CPU
		{258F4788-3138-4173-BC12-5A7DA2EF25E9}.Debug|Any CPU.Deploy.0 = Debug|Any CPU
		{258F4788-3138-4173-BC12-5A7DA2EF25E9}.Debug|ARM.ActiveCfg = Debug|Any CPU
		{258F4788-3138-4173-BC12-5A7DA2EF25E9}.Debug|ARM.Build.0 = Debug|Any CPU
		{258F4788-3138-4173-BC12-5A7DA2EF25E9}.Debug|ARM.Deploy.0 = Debug|Any CPU
		{258F4788-3138-4173-BC12-5A7DA2EF25E9}.Debug|iPhone.ActiveCfg = Debug|Any CPU
		{258F4788-3138-4173-BC12-5A7DA2EF25E9}.Debug|iPhone.Build.0 = Debug|Any CPU
		{258F4788-3138-4173-BC12-5A7DA2EF25E9}.Debug|iPhone.Deploy.0 = Debug|Any CPU
		{258F4788-3138-4173-BC12-5A7DA2EF25E9}.Debug|iPhoneSimulator.ActiveCfg = Debug|Any CPU
		{258F4788-3138-4173-BC12-5A7DA2EF25E9}.Debug|iPhoneSimulator.Build.0 = Debug|Any CPU
		{258F4788-3138-4173-BC12-5A7DA2EF25E9}.Debug|iPhoneSimulator.Deploy.0 = Debug|Any CPU
		{258F4788-3138-4173-BC12-5A7DA2EF25E9}.Debug|x64.ActiveCfg = Debug|Any CPU
		{258F4788-3138-4173-BC12-5A7DA2EF25E9}.Debug|x64.Build.0 = Debug|Any CPU
		{258F4788-3138-4173-BC12-5A7DA2EF25E9}.Debug|x64.Deploy.0 = Debug|Any CPU
		{258F4788-3138-4173-BC12-5A7DA2EF25E9}.Debug|x86.ActiveCfg = Debug|Any CPU
		{258F4788-3138-4173-BC12-5A7DA2EF25E9}.Debug|x86.Build.0 = Debug|Any CPU
		{258F4788-3138-4173-BC12-5A7DA2EF25E9}.Debug|x86.Deploy.0 = Debug|Any CPU
		{258F4788-3138-4173-BC12-5A7DA2EF25E9}.Release|Any CPU.ActiveCfg = Release|Any CPU
		{258F4788-3138-4173-BC12-5A7DA2EF25E9}.Release|Any CPU.Build.0 = Release|Any CPU
		{258F4788-3138-4173-BC12-5A7DA2EF25E9}.Release|Any CPU.Deploy.0 = Release|Any CPU
		{258F4788-3138-4173-BC12-5A7DA2EF25E9}.Release|ARM.ActiveCfg = Release|Any CPU
		{258F4788-3138-4173-BC12-5A7DA2EF25E9}.Release|ARM.Build.0 = Release|Any CPU
		{258F4788-3138-4173-BC12-5A7DA2EF25E9}.Release|ARM.Deploy.0 = Release|Any CPU
		{258F4788-3138-4173-BC12-5A7DA2EF25E9}.Release|iPhone.ActiveCfg = Release|Any CPU
		{258F4788-3138-4173-BC12-5A7DA2EF25E9}.Release|iPhone.Build.0 = Release|Any CPU
		{258F4788-3138-4173-BC12-5A7DA2EF25E9}.Release|iPhone.Deploy.0 = Release|Any CPU
		{258F4788-3138-4173-BC12-5A7DA2EF25E9}.Release|iPhoneSimulator.ActiveCfg = Release|Any CPU
		{258F4788-3138-4173-BC12-5A7DA2EF25E9}.Release|iPhoneSimulator.Build.0 = Release|Any CPU
		{258F4788-3138-4173-BC12-5A7DA2EF25E9}.Release|iPhoneSimulator.Deploy.0 = Release|Any CPU
		{258F4788-3138-4173-BC12-5A7DA2EF25E9}.Release|x64.ActiveCfg = Release|Any CPU
		{258F4788-3138-4173-BC12-5A7DA2EF25E9}.Release|x64.Build.0 = Release|Any CPU
		{258F4788-3138-4173-BC12-5A7DA2EF25E9}.Release|x64.Deploy.0 = Release|Any CPU
		{258F4788-3138-4173-BC12-5A7DA2EF25E9}.Release|x86.ActiveCfg = Release|Any CPU
		{258F4788-3138-4173-BC12-5A7DA2EF25E9}.Release|x86.Build.0 = Release|Any CPU
		{258F4788-3138-4173-BC12-5A7DA2EF25E9}.Release|x86.Deploy.0 = Release|Any CPU
		{D133EB72-D80F-481D-9412-1D324159E779}.Debug|Any CPU.ActiveCfg = Debug|iPhone
		{D133EB72-D80F-481D-9412-1D324159E779}.Debug|Any CPU.Build.0 = Debug|iPhone
		{D133EB72-D80F-481D-9412-1D324159E779}.Debug|Any CPU.Deploy.0 = Debug|iPhone
		{D133EB72-D80F-481D-9412-1D324159E779}.Debug|ARM.ActiveCfg = Debug|iPhone
		{D133EB72-D80F-481D-9412-1D324159E779}.Debug|ARM.Build.0 = Debug|iPhone
		{D133EB72-D80F-481D-9412-1D324159E779}.Debug|ARM.Deploy.0 = Debug|iPhone
		{D133EB72-D80F-481D-9412-1D324159E779}.Debug|iPhone.ActiveCfg = Debug|iPhone
		{D133EB72-D80F-481D-9412-1D324159E779}.Debug|iPhone.Build.0 = Debug|iPhone
		{D133EB72-D80F-481D-9412-1D324159E779}.Debug|iPhone.Deploy.0 = Debug|iPhone
		{D133EB72-D80F-481D-9412-1D324159E779}.Debug|iPhoneSimulator.ActiveCfg = Debug|iPhoneSimulator
		{D133EB72-D80F-481D-9412-1D324159E779}.Debug|iPhoneSimulator.Build.0 = Debug|iPhoneSimulator
		{D133EB72-D80F-481D-9412-1D324159E779}.Debug|iPhoneSimulator.Deploy.0 = Debug|iPhoneSimulator
		{D133EB72-D80F-481D-9412-1D324159E779}.Debug|x64.ActiveCfg = Debug|iPhone
		{D133EB72-D80F-481D-9412-1D324159E779}.Debug|x64.Build.0 = Debug|iPhone
		{D133EB72-D80F-481D-9412-1D324159E779}.Debug|x64.Deploy.0 = Debug|iPhone
		{D133EB72-D80F-481D-9412-1D324159E779}.Debug|x86.ActiveCfg = Debug|iPhone
		{D133EB72-D80F-481D-9412-1D324159E779}.Debug|x86.Build.0 = Debug|iPhone
		{D133EB72-D80F-481D-9412-1D324159E779}.Debug|x86.Deploy.0 = Debug|iPhone
		{D133EB72-D80F-481D-9412-1D324159E779}.Release|Any CPU.ActiveCfg = Release|iPhone
		{D133EB72-D80F-481D-9412-1D324159E779}.Release|Any CPU.Build.0 = Release|iPhone
		{D133EB72-D80F-481D-9412-1D324159E779}.Release|Any CPU.Deploy.0 = Release|iPhone
		{D133EB72-D80F-481D-9412-1D324159E779}.Release|ARM.ActiveCfg = Release|iPhone
		{D133EB72-D80F-481D-9412-1D324159E779}.Release|ARM.Build.0 = Release|iPhone
		{D133EB72-D80F-481D-9412-1D324159E779}.Release|ARM.Deploy.0 = Release|iPhone
		{D133EB72-D80F-481D-9412-1D324159E779}.Release|iPhone.ActiveCfg = Release|iPhone
		{D133EB72-D80F-481D-9412-1D324159E779}.Release|iPhone.Build.0 = Release|iPhone
		{D133EB72-D80F-481D-9412-1D324159E779}.Release|iPhone.Deploy.0 = Release|iPhone
		{D133EB72-D80F-481D-9412-1D324159E779}.Release|iPhoneSimulator.ActiveCfg = Release|iPhoneSimulator
		{D133EB72-D80F-481D-9412-1D324159E779}.Release|iPhoneSimulator.Build.0 = Release|iPhoneSimulator
		{D133EB72-D80F-481D-9412-1D324159E779}.Release|iPhoneSimulator.Deploy.0 = Release|iPhoneSimulator
		{D133EB72-D80F-481D-9412-1D324159E779}.Release|x64.ActiveCfg = Release|iPhone
		{D133EB72-D80F-481D-9412-1D324159E779}.Release|x64.Build.0 = Release|iPhone
		{D133EB72-D80F-481D-9412-1D324159E779}.Release|x64.Deploy.0 = Release|iPhone
		{D133EB72-D80F-481D-9412-1D324159E779}.Release|x86.ActiveCfg = Release|iPhone
		{D133EB72-D80F-481D-9412-1D324159E779}.Release|x86.Build.0 = Release|iPhone
		{D133EB72-D80F-481D-9412-1D324159E779}.Release|x86.Deploy.0 = Release|iPhone
		{26C2F0A3-EB63-4DCD-9D80-36AEC8934E2C}.Debug|Any CPU.ActiveCfg = Debug|Any CPU
		{26C2F0A3-EB63-4DCD-9D80-36AEC8934E2C}.Debug|Any CPU.Build.0 = Debug|Any CPU
		{26C2F0A3-EB63-4DCD-9D80-36AEC8934E2C}.Debug|Any CPU.Deploy.0 = Debug|Any CPU
		{26C2F0A3-EB63-4DCD-9D80-36AEC8934E2C}.Debug|ARM.ActiveCfg = Debug|Any CPU
		{26C2F0A3-EB63-4DCD-9D80-36AEC8934E2C}.Debug|ARM.Build.0 = Debug|Any CPU
		{26C2F0A3-EB63-4DCD-9D80-36AEC8934E2C}.Debug|ARM.Deploy.0 = Debug|Any CPU
		{26C2F0A3-EB63-4DCD-9D80-36AEC8934E2C}.Debug|iPhone.ActiveCfg = Debug|Any CPU
		{26C2F0A3-EB63-4DCD-9D80-36AEC8934E2C}.Debug|iPhone.Build.0 = Debug|Any CPU
		{26C2F0A3-EB63-4DCD-9D80-36AEC8934E2C}.Debug|iPhone.Deploy.0 = Debug|Any CPU
		{26C2F0A3-EB63-4DCD-9D80-36AEC8934E2C}.Debug|iPhoneSimulator.ActiveCfg = Debug|Any CPU
		{26C2F0A3-EB63-4DCD-9D80-36AEC8934E2C}.Debug|iPhoneSimulator.Build.0 = Debug|Any CPU
		{26C2F0A3-EB63-4DCD-9D80-36AEC8934E2C}.Debug|iPhoneSimulator.Deploy.0 = Debug|Any CPU
		{26C2F0A3-EB63-4DCD-9D80-36AEC8934E2C}.Debug|x64.ActiveCfg = Debug|Any CPU
		{26C2F0A3-EB63-4DCD-9D80-36AEC8934E2C}.Debug|x64.Build.0 = Debug|Any CPU
		{26C2F0A3-EB63-4DCD-9D80-36AEC8934E2C}.Debug|x64.Deploy.0 = Debug|Any CPU
		{26C2F0A3-EB63-4DCD-9D80-36AEC8934E2C}.Debug|x86.ActiveCfg = Debug|Any CPU
		{26C2F0A3-EB63-4DCD-9D80-36AEC8934E2C}.Debug|x86.Build.0 = Debug|Any CPU
		{26C2F0A3-EB63-4DCD-9D80-36AEC8934E2C}.Debug|x86.Deploy.0 = Debug|Any CPU
		{26C2F0A3-EB63-4DCD-9D80-36AEC8934E2C}.Release|Any CPU.ActiveCfg = Release|Any CPU
		{26C2F0A3-EB63-4DCD-9D80-36AEC8934E2C}.Release|Any CPU.Build.0 = Release|Any CPU
		{26C2F0A3-EB63-4DCD-9D80-36AEC8934E2C}.Release|Any CPU.Deploy.0 = Release|Any CPU
		{26C2F0A3-EB63-4DCD-9D80-36AEC8934E2C}.Release|ARM.ActiveCfg = Release|Any CPU
		{26C2F0A3-EB63-4DCD-9D80-36AEC8934E2C}.Release|ARM.Build.0 = Release|Any CPU
		{26C2F0A3-EB63-4DCD-9D80-36AEC8934E2C}.Release|ARM.Deploy.0 = Release|Any CPU
		{26C2F0A3-EB63-4DCD-9D80-36AEC8934E2C}.Release|iPhone.ActiveCfg = Release|Any CPU
		{26C2F0A3-EB63-4DCD-9D80-36AEC8934E2C}.Release|iPhone.Build.0 = Release|Any CPU
		{26C2F0A3-EB63-4DCD-9D80-36AEC8934E2C}.Release|iPhone.Deploy.0 = Release|Any CPU
		{26C2F0A3-EB63-4DCD-9D80-36AEC8934E2C}.Release|iPhoneSimulator.ActiveCfg = Release|Any CPU
		{26C2F0A3-EB63-4DCD-9D80-36AEC8934E2C}.Release|iPhoneSimulator.Build.0 = Release|Any CPU
		{26C2F0A3-EB63-4DCD-9D80-36AEC8934E2C}.Release|iPhoneSimulator.Deploy.0 = Release|Any CPU
		{26C2F0A3-EB63-4DCD-9D80-36AEC8934E2C}.Release|x64.ActiveCfg = Release|Any CPU
		{26C2F0A3-EB63-4DCD-9D80-36AEC8934E2C}.Release|x64.Build.0 = Release|Any CPU
		{26C2F0A3-EB63-4DCD-9D80-36AEC8934E2C}.Release|x64.Deploy.0 = Release|Any CPU
		{26C2F0A3-EB63-4DCD-9D80-36AEC8934E2C}.Release|x86.ActiveCfg = Release|Any CPU
		{26C2F0A3-EB63-4DCD-9D80-36AEC8934E2C}.Release|x86.Build.0 = Release|Any CPU
		{26C2F0A3-EB63-4DCD-9D80-36AEC8934E2C}.Release|x86.Deploy.0 = Release|Any CPU
		{F1D0760E-1186-4516-A43B-0A9085D2DF9A}.Debug|Any CPU.ActiveCfg = Debug|Any CPU
		{F1D0760E-1186-4516-A43B-0A9085D2DF9A}.Debug|Any CPU.Build.0 = Debug|Any CPU
		{F1D0760E-1186-4516-A43B-0A9085D2DF9A}.Debug|ARM.ActiveCfg = Debug|Any CPU
		{F1D0760E-1186-4516-A43B-0A9085D2DF9A}.Debug|ARM.Build.0 = Debug|Any CPU
		{F1D0760E-1186-4516-A43B-0A9085D2DF9A}.Debug|iPhone.ActiveCfg = Debug|Any CPU
		{F1D0760E-1186-4516-A43B-0A9085D2DF9A}.Debug|iPhone.Build.0 = Debug|Any CPU
		{F1D0760E-1186-4516-A43B-0A9085D2DF9A}.Debug|iPhoneSimulator.ActiveCfg = Debug|Any CPU
		{F1D0760E-1186-4516-A43B-0A9085D2DF9A}.Debug|iPhoneSimulator.Build.0 = Debug|Any CPU
		{F1D0760E-1186-4516-A43B-0A9085D2DF9A}.Debug|x64.ActiveCfg = Debug|Any CPU
		{F1D0760E-1186-4516-A43B-0A9085D2DF9A}.Debug|x64.Build.0 = Debug|Any CPU
		{F1D0760E-1186-4516-A43B-0A9085D2DF9A}.Debug|x86.ActiveCfg = Debug|Any CPU
		{F1D0760E-1186-4516-A43B-0A9085D2DF9A}.Debug|x86.Build.0 = Debug|Any CPU
		{F1D0760E-1186-4516-A43B-0A9085D2DF9A}.Release|Any CPU.ActiveCfg = Release|Any CPU
		{F1D0760E-1186-4516-A43B-0A9085D2DF9A}.Release|Any CPU.Build.0 = Release|Any CPU
		{F1D0760E-1186-4516-A43B-0A9085D2DF9A}.Release|ARM.ActiveCfg = Release|Any CPU
		{F1D0760E-1186-4516-A43B-0A9085D2DF9A}.Release|ARM.Build.0 = Release|Any CPU
		{F1D0760E-1186-4516-A43B-0A9085D2DF9A}.Release|iPhone.ActiveCfg = Release|Any CPU
		{F1D0760E-1186-4516-A43B-0A9085D2DF9A}.Release|iPhone.Build.0 = Release|Any CPU
		{F1D0760E-1186-4516-A43B-0A9085D2DF9A}.Release|iPhoneSimulator.ActiveCfg = Release|Any CPU
		{F1D0760E-1186-4516-A43B-0A9085D2DF9A}.Release|iPhoneSimulator.Build.0 = Release|Any CPU
		{F1D0760E-1186-4516-A43B-0A9085D2DF9A}.Release|x64.ActiveCfg = Release|Any CPU
		{F1D0760E-1186-4516-A43B-0A9085D2DF9A}.Release|x64.Build.0 = Release|Any CPU
		{F1D0760E-1186-4516-A43B-0A9085D2DF9A}.Release|x86.ActiveCfg = Release|Any CPU
		{F1D0760E-1186-4516-A43B-0A9085D2DF9A}.Release|x86.Build.0 = Release|Any CPU
	EndGlobalSection
	GlobalSection(SolutionProperties) = preSolution
		HideSolutionNode = FALSE
	EndGlobalSection
	GlobalSection(ExtensibilityGlobals) = postSolution
		SolutionGuid = {67C7AEA3-B691-43AD-9BF5-91A519C21D4A}
	EndGlobalSection
EndGlobal
